
Microsoft Visual Studio Solution File, Format Version 12.00
# Visual Studio 15
VisualStudioVersion = 15.0.26430.14
MinimumVisualStudioVersion = 10.0.40219.1
Project("{FAE04EC0-301F-11D3-BF4B-00C04F79EFBC}") = "WLVEntry", "WorkoutLogger\WLVEntry.csproj", "{AE76CCED-D0E2-490C-AC35-0B79D9A00D58}"
EndProject
Project("{FAE04EC0-301F-11D3-BF4B-00C04F79EFBC}") = "WLConsole", "ConsoleApplication1\WLConsole.csproj", "{B695B15F-3109-48C2-8516-425950DB2A3B}"
EndProject
Project("{FAE04EC0-301F-11D3-BF4B-00C04F79EFBC}") = "WLModel", "Model\WLModel.csproj", "{FB237278-7D02-4416-B482-51C9DE63E5F6}"
EndProject
Project("{FAE04EC0-301F-11D3-BF4B-00C04F79EFBC}") = "WLCore", "WLCore\WLCore.csproj", "{76B0D11A-3628-430E-83CE-E4D8C8B1B7C9}"
EndProject
Project("{FAE04EC0-301F-11D3-BF4B-00C04F79EFBC}") = "BWUtil", "BWUtil\BWUtil.csproj", "{3C2D5D82-6525-42AD-8374-9F98FAE4FE13}"
EndProject
Project("{FAE04EC0-301F-11D3-BF4B-00C04F79EFBC}") = "WLVLibrary", "WLVLibrary\WLVLibrary.csproj", "{9864E809-AB08-4B6F-9BCC-E7D1085F5A9B}"
EndProject
Project("{FAE04EC0-301F-11D3-BF4B-00C04F79EFBC}") = "WLVWorkout", "WLVWorkout\WLVWorkout.csproj", "{556304ED-2E87-4550-98BB-E636668BD4D1}"
EndProject
Project("{2150E333-8FDC-42A3-9474-1A3956D46DE8}") = "Docs", "Docs", "{B273D4E7-DCA9-4B78-BD0B-DDEF582CCFBF}"
	ProjectSection(SolutionItems) = preProject
		Requirements.txt = Requirements.txt
	EndProjectSection
EndProject
Global
	GlobalSection(SolutionConfigurationPlatforms) = preSolution
		Debug|Any CPU = Debug|Any CPU
		Release|Any CPU = Release|Any CPU
	EndGlobalSection
	GlobalSection(ProjectConfigurationPlatforms) = postSolution
		{AE76CCED-D0E2-490C-AC35-0B79D9A00D58}.Debug|Any CPU.ActiveCfg = Debug|Any CPU
		{AE76CCED-D0E2-490C-AC35-0B79D9A00D58}.Debug|Any CPU.Build.0 = Debug|Any CPU
		{AE76CCED-D0E2-490C-AC35-0B79D9A00D58}.Release|Any CPU.ActiveCfg = Release|Any CPU
		{AE76CCED-D0E2-490C-AC35-0B79D9A00D58}.Release|Any CPU.Build.0 = Release|Any CPU
		{B695B15F-3109-48C2-8516-425950DB2A3B}.Debug|Any CPU.ActiveCfg = Debug|Any CPU
		{B695B15F-3109-48C2-8516-425950DB2A3B}.Debug|Any CPU.Build.0 = Debug|Any CPU
		{B695B15F-3109-48C2-8516-425950DB2A3B}.Release|Any CPU.ActiveCfg = Release|Any CPU
		{B695B15F-3109-48C2-8516-425950DB2A3B}.Release|Any CPU.Build.0 = Release|Any CPU
		{FB237278-7D02-4416-B482-51C9DE63E5F6}.Debug|Any CPU.ActiveCfg = Debug|Any CPU
		{FB237278-7D02-4416-B482-51C9DE63E5F6}.Debug|Any CPU.Build.0 = Debug|Any CPU
		{FB237278-7D02-4416-B482-51C9DE63E5F6}.Release|Any CPU.ActiveCfg = Release|Any CPU
		{FB237278-7D02-4416-B482-51C9DE63E5F6}.Release|Any CPU.Build.0 = Release|Any CPU
		{76B0D11A-3628-430E-83CE-E4D8C8B1B7C9}.Debug|Any CPU.ActiveCfg = Debug|Any CPU
		{76B0D11A-3628-430E-83CE-E4D8C8B1B7C9}.Debug|Any CPU.Build.0 = Debug|Any CPU
		{76B0D11A-3628-430E-83CE-E4D8C8B1B7C9}.Release|Any CPU.ActiveCfg = Release|Any CPU
		{76B0D11A-3628-430E-83CE-E4D8C8B1B7C9}.Release|Any CPU.Build.0 = Release|Any CPU
		{3C2D5D82-6525-42AD-8374-9F98FAE4FE13}.Debug|Any CPU.ActiveCfg = Debug|Any CPU
		{3C2D5D82-6525-42AD-8374-9F98FAE4FE13}.Debug|Any CPU.Build.0 = Debug|Any CPU
		{3C2D5D82-6525-42AD-8374-9F98FAE4FE13}.Release|Any CPU.ActiveCfg = Release|Any CPU
		{3C2D5D82-6525-42AD-8374-9F98FAE4FE13}.Release|Any CPU.Build.0 = Release|Any CPU
		{9864E809-AB08-4B6F-9BCC-E7D1085F5A9B}.Debug|Any CPU.ActiveCfg = Debug|Any CPU
		{9864E809-AB08-4B6F-9BCC-E7D1085F5A9B}.Debug|Any CPU.Build.0 = Debug|Any CPU
		{9864E809-AB08-4B6F-9BCC-E7D1085F5A9B}.Release|Any CPU.ActiveCfg = Release|Any CPU
		{9864E809-AB08-4B6F-9BCC-E7D1085F5A9B}.Release|Any CPU.Build.0 = Release|Any CPU
		{556304ED-2E87-4550-98BB-E636668BD4D1}.Debug|Any CPU.ActiveCfg = Debug|Any CPU
		{556304ED-2E87-4550-98BB-E636668BD4D1}.Debug|Any CPU.Build.0 = Debug|Any CPU
		{556304ED-2E87-4550-98BB-E636668BD4D1}.Release|Any CPU.ActiveCfg = Release|Any CPU
		{556304ED-2E87-4550-98BB-E636668BD4D1}.Release|Any CPU.Build.0 = Release|Any CPU
	EndGlobalSection
	GlobalSection(SolutionProperties) = preSolution
		HideSolutionNode = FALSE
	EndGlobalSection
EndGlobal
